
Microsoft Visual Studio Solution File, Format Version 12.00
# Visual Studio Version 17
VisualStudioVersion = 17.0.32014.148
MinimumVisualStudioVersion = 10.0.40219.1
Project("{FAE04EC0-301F-11D3-BF4B-00C04F79EFBC}") = "Calculos", "Calculos\Calculos.csproj", "{D961D944-3EAF-4A80-BEEA-471EBF8ECB2F}"
EndProject
Project("{FAE04EC0-301F-11D3-BF4B-00C04F79EFBC}") = "CalculosTests", "CalculosTests\CalculosTests.csproj", "{7C4984AF-56BC-46FF-8CDE-815AE0DEC7C4}"
EndProject
Global
	GlobalSection(SolutionConfigurationPlatforms) = preSolution
		Debug|Any CPU = Debug|Any CPU
		Release|Any CPU = Release|Any CPU
	EndGlobalSection
	GlobalSection(ProjectConfigurationPlatforms) = postSolution
		{D961D944-3EAF-4A80-BEEA-471EBF8ECB2F}.Debug|Any CPU.ActiveCfg = Debug|Any CPU
		{D961D944-3EAF-4A80-BEEA-471EBF8ECB2F}.Debug|Any CPU.Build.0 = Debug|Any CPU
		{D961D944-3EAF-4A80-BEEA-471EBF8ECB2F}.Release|Any CPU.ActiveCfg = Release|Any CPU
		{D961D944-3EAF-4A80-BEEA-471EBF8ECB2F}.Release|Any CPU.Build.0 = Release|Any CPU
		{7C4984AF-56BC-46FF-8CDE-815AE0DEC7C4}.Debug|Any CPU.ActiveCfg = Debug|Any CPU
		{7C4984AF-56BC-46FF-8CDE-815AE0DEC7C4}.Debug|Any CPU.Build.0 = Debug|Any CPU
		{7C4984AF-56BC-46FF-8CDE-815AE0DEC7C4}.Release|Any CPU.ActiveCfg = Release|Any CPU
		{7C4984AF-56BC-46FF-8CDE-815AE0DEC7C4}.Release|Any CPU.Build.0 = Release|Any CPU
	EndGlobalSection
	GlobalSection(SolutionProperties) = preSolution
		HideSolutionNode = FALSE
	EndGlobalSection
	GlobalSection(ExtensibilityGlobals) = postSolution
		SolutionGuid = {2225370C-55B8-4142-AFE9-A934E80157D1}
	EndGlobalSection
EndGlobal
